
Microsoft Visual Studio Solution File, Format Version 11.00
# Visual Studio 2010
Project("{FAE04EC0-301F-11D3-BF4B-00C04F79EFBC}") = "Injection", "Injection\Injection.csproj", "{8893713D-C804-4008-B979-3720C24951B1}"
EndProject
Project("{FAE04EC0-301F-11D3-BF4B-00C04F79EFBC}") = "InjectionTest", "InjectionTest\InjectionTest.csproj", "{DA6867D5-FBDB-4A2A-A599-119FFB5A8EAC}"
EndProject
Global
	GlobalSection(SolutionConfigurationPlatforms) = preSolution
		Debug|Any CPU = Debug|Any CPU
		Release|Any CPU = Release|Any CPU
	EndGlobalSection
	GlobalSection(ProjectConfigurationPlatforms) = postSolution
		{8893713D-C804-4008-B979-3720C24951B1}.Debug|Any CPU.ActiveCfg = Debug|Any CPU
		{8893713D-C804-4008-B979-3720C24951B1}.Debug|Any CPU.Build.0 = Debug|Any CPU
		{8893713D-C804-4008-B979-3720C24951B1}.Release|Any CPU.ActiveCfg = Release|Any CPU
		{8893713D-C804-4008-B979-3720C24951B1}.Release|Any CPU.Build.0 = Release|Any CPU
		{DA6867D5-FBDB-4A2A-A599-119FFB5A8EAC}.Debug|Any CPU.ActiveCfg = Debug|Any CPU
		{DA6867D5-FBDB-4A2A-A599-119FFB5A8EAC}.Debug|Any CPU.Build.0 = Debug|Any CPU
		{DA6867D5-FBDB-4A2A-A599-119FFB5A8EAC}.Release|Any CPU.ActiveCfg = Release|Any CPU
		{DA6867D5-FBDB-4A2A-A599-119FFB5A8EAC}.Release|Any CPU.Build.0 = Release|Any CPU
	EndGlobalSection
EndGlobal
